lockfileVersion: '9.0'

settings:
  autoInstallPeers: true
  excludeLinksFromLockfile: false

importers:

  .:
    dependencies:
      adm-zip:
        specifier: ^0.5.17
        version: 0.5.17
      fast-xml-parser:
        specifier: ^5.8.0
        version: 5.8.0
      turndown:
        specifier: ^7.2.4
        version: 7.2.4

packages:

  '@mixmark-io/domino@2.2.0':
    resolution: {integrity: sha512-Y28PR25bHXUg88kCV7nivXrP2Nj2RueZ3/l/jdx6J9f8J4nsEGcgX0Qe6lt7Pa+J79+kPiJU3LguR6O/6zrLOw==}

  '@nodable/entities@2.1.0':
    resolution: {integrity: sha512-nyT7T3nbMyBI/lvr6L5TyWbFJAI9FTgVRakNoBqCD+PmID8DzFrrNdLLtHMwMszOtqZa8PAOV24ZqDnQrhQINA==}

  adm-zip@0.5.17:
    resolution: {integrity: sha512-+Ut8d9LLqwEvHHJl1+PIHqoyDxFgVN847JTVM3Izi3xHDWPE4UtzzXysMZQs64DMcrJfBeS/uoEP4AD3HQHnQQ==}
    engines: {node: '>=12.0'}

  fast-xml-builder@1.2.0:
    resolution: {integrity: sha512-00aAWieqff+ZJhsXA4g1g7M8k+7AYoMUUHF+/zFb5U6Uv/P0Vl4QZo84/IcufzYalLuEj9928bXN9PbbFzMF0Q==}

  fast-xml-parser@5.8.0:
    resolution: {integrity: sha512-6bIM7fsJxeo3uXv7OncQYsBAMPJ7V16Slahl/6M98C/i2q+vB1+4a0MtrvYwDFEUrwDSbAmeLDRXsOBwrL7yAg==}
    hasBin: true

  path-expression-matcher@1.5.0:
    resolution: {integrity: sha512-cbrerZV+6rvdQrrD+iGMcZFEiiSrbv9Tfdkvnusy6y0x0GKBXREFg/Y65GhIfm0tnLntThhzCnfKwp1WRjeCyQ==}
    engines: {node: '>=14.0.0'}

  strnum@2.3.0:
    resolution: {integrity: sha512-ums3KNd42PGyx5xaoVTO1mjU1bH3NpY4vsrVlnv9PNGqQj8wd7rJ6nEypLrJ7z5vxK5RP0yMLo6J/Gsm62DI5Q==}

  turndown@7.2.4:
    resolution: {integrity: sha512-I8yFsfRzmzK0WV1pNNOA4A7y4RDfFxPRxb3t+e3ui14qSGOxGtiSP6GjeX+Y6CHb7HYaFj7ECUD7VE5kQMZWGQ==}
    engines: {node: '>=18', npm: '>=9'}

  xml-naming@0.1.0:
    resolution: {integrity: sha512-k8KO9hrMyNk6tUWqUfkTEZbezRRpONVOzUTnc97VnCvyj6Tf9lyUR9EDAIeiVLv56jsMcoXEwjW8Kv5yPY52lw==}
    engines: {node: '>=16.0.0'}

snapshots:

  '@mixmark-io/domino@2.2.0': {}

  '@nodable/entities@2.1.0': {}

  adm-zip@0.5.17: {}

  fast-xml-builder@1.2.0:
    dependencies:
      path-expression-matcher: 1.5.0
      xml-naming: 0.1.0

  fast-xml-parser@5.8.0:
    dependencies:
      '@nodable/entities': 2.1.0
      fast-xml-builder: 1.2.0
      path-expression-matcher: 1.5.0
      strnum: 2.3.0
      xml-naming: 0.1.0

  path-expression-matcher@1.5.0: {}

  strnum@2.3.0: {}

  turndown@7.2.4:
    dependencies:
      '@mixmark-io/domino': 2.2.0

  xml-naming@0.1.0: {}
